
Microsoft Visual Studio Solution File, Format Version 12.00
# Visual Studio Version 17
VisualStudioVersion = 17.2.32630.192
MinimumVisualStudioVersion = 10.0.40219.1
Project("{2150E333-8FDC-42A3-9474-1A3956D46DE8}") = "Source", "Source", "{6476409A-3B7E-4B07-BCEE-450DAD54E0D4}"
EndProject
Project("{9A19103F-16F7-4668-BE54-9A1E7A4F7556}") = "timewarp-heroicons", "Source\timewarp-heroicons\timewarp-heroicons.csproj", "{0B83ED6A-18D8-4917-9FAF-424637CF6D93}"
EndProject
Project("{2150E333-8FDC-42A3-9474-1A3956D46DE8}") = "Solution Items", "Solution Items", "{70A5FCAE-A84E-4864-9208-5161D1CDA8D7}"
	ProjectSection(SolutionItems) = preProject
		publish.ps1 = publish.ps1
	EndProjectSection
EndProject
Global
	GlobalSection(SolutionConfigurationPlatforms) = preSolution
		Debug|Any CPU = Debug|Any CPU
		Release|Any CPU = Release|Any CPU
	EndGlobalSection
	GlobalSection(ProjectConfigurationPlatforms) = postSolution
		{0B83ED6A-18D8-4917-9FAF-424637CF6D93}.Debug|Any CPU.ActiveCfg = Debug|Any CPU
		{0B83ED6A-18D8-4917-9FAF-424637CF6D93}.Debug|Any CPU.Build.0 = Debug|Any CPU
		{0B83ED6A-18D8-4917-9FAF-424637CF6D93}.Release|Any CPU.ActiveCfg = Release|Any CPU
		{0B83ED6A-18D8-4917-9FAF-424637CF6D93}.Release|Any CPU.Build.0 = Release|Any CPU
	EndGlobalSection
	GlobalSection(SolutionProperties) = preSolution
		HideSolutionNode = FALSE
	EndGlobalSection
	GlobalSection(NestedProjects) = preSolution
		{0B83ED6A-18D8-4917-9FAF-424637CF6D93} = {6476409A-3B7E-4B07-BCEE-450DAD54E0D4}
	EndGlobalSection
	GlobalSection(ExtensibilityGlobals) = postSolution
		SolutionGuid = {C62C1F0C-A20F-4A09-A8F9-B306ACF2508F}
	EndGlobalSection
EndGlobal
